
Microsoft Visual Studio Solution File, Format Version 12.00
# Visual Studio Version 17
VisualStudioVersion = 17.14.36616.10 d17.14
MinimumVisualStudioVersion = 10.0.40219.1
Project("{8BC9CEB8-8B4A-11D0-8D11-00A0C91BC942}") = "GUI", "GUI.vcxproj", "{62E2005C-BFCF-4DAD-B687-45201616661D}"
EndProject
Global
	GlobalSection(SolutionConfigurationPlatforms) = preSolution
		Debug|x64 = Debug|x64
		Release|x64 = Release|x64
	EndGlobalSection
	GlobalSection(ProjectConfigurationPlatforms) = postSolution
		{62E2005C-BFCF-4DAD-B687-45201616661D}.Debug|x64.ActiveCfg = Debug|x64
		{62E2005C-BFCF-4DAD-B687-45201616661D}.Debug|x64.Build.0 = Debug|x64
		{62E2005C-BFCF-4DAD-B687-45201616661D}.Release|x64.ActiveCfg = Release|x64
		{62E2005C-BFCF-4DAD-B687-45201616661D}.Release|x64.Build.0 = Release|x64
	EndGlobalSection
	GlobalSection(SolutionProperties) = preSolution
		HideSolutionNode = FALSE
	EndGlobalSection
	GlobalSection(ExtensibilityGlobals) = postSolution
		SolutionGuid = {0368A6BF-E195-410E-AD07-C567E370E733}
	EndGlobalSection
EndGlobal
